# This file is automatically @generated by Cargo.
# It is not intended for manual editing.
version = 4

[[package]]
name = "dengon-ble"
version = "0.1.0"
dependencies = [
 "dengon-core",
]

[[package]]
name = "dengon-core"
version = "0.1.0"

[[package]]
name = "dengon-ffi"
version = "0.1.0"
dependencies = [
 "dengon-core",
]

[[package]]
name = "dengon-node"
version = "0.1.0"
dependencies = [
 "dengon-ble",
 "dengon-core",
]

[[package]]
name = "dengon-sim"
version = "0.1.0"
dependencies = [
 "dengon-core",
]

[[package]]
name = "dengon-verify"
version = "0.1.0"
dependencies = [
 "dengon-core",
]
